{
  "version": 4,
  "terraform_version": "1.1.3",
  "serial": 46,
  "lineage": "9529cea1-35bf-d0e5-2dd1-58dbe9a124c5",
  "outputs": {},
  "resources": [
    {
      "mode": "managed",
      "type": "openstack_networking_network_v2",
      "name": "ens3f0Network",
      "provider": "provider[\"registry.terraform.io/terraform-providers/openstack\"]",
      "instances": [
        {
          "schema_version": 0,
          "attributes": {
            "admin_state_up": true,
            "all_tags": [],
            "availability_zone_hints": [],
            "description": "",
            "dns_domain": "",
            "external": false,
            "id": "7ad963d6-6cb4-4a9f-bbca-b3f9945fb019",
            "mtu": 9000,
            "name": "ens3f0Network",
            "port_security_enabled": true,
            "qos_policy_id": "",
            "region": "RegionOne",
            "segments": [
              {
                "network_type": "flat",
                "physical_network": "ens3f0Network",
                "segmentation_id": 0
              }
            ],
            "shared": false,
            "tags": [],
            "tenant_id": "e68af61093464d08b06df8bcaeaaa381",
            "timeouts": null,
            "transparent_vlan": false,
            "value_specs": null
          },
          "sensitive_attributes": [],
          "private": "eyJlMmJmYjczMC1lY2FhLTExZTYtOGY4OC0zNDM2M2JjN2M0YzAiOnsiY3JlYXRlIjo2MDAwMDAwMDAwMDAsImRlbGV0ZSI6NjAwMDAwMDAwMDAwfX0="
        }
      ]
    },
    {
      "mode": "managed",
      "type": "openstack_networking_network_v2",
      "name": "slot3a",
      "provider": "provider[\"registry.terraform.io/terraform-providers/openstack\"]",
      "instances": [
        {
          "schema_version": 0,
          "attributes": {
            "admin_state_up": true,
            "all_tags": [],
            "availability_zone_hints": [],
            "description": "",
            "dns_domain": "",
            "external": false,
            "id": "0f24d921-e457-4042-9b31-38097e8d82c1",
            "mtu": 9000,
            "name": "slot3a",
            "port_security_enabled": true,
            "qos_policy_id": "",
            "region": "RegionOne",
            "segments": [
              {
                "network_type": "flat",
                "physical_network": "slot3a",
                "segmentation_id": null
              }
            ],
            "shared": false,
            "tags": null,
            "tenant_id": "e68af61093464d08b06df8bcaeaaa381",
            "timeouts": null,
            "transparent_vlan": false,
            "value_specs": null
          },
          "sensitive_attributes": [],
          "private": "eyJlMmJmYjczMC1lY2FhLTExZTYtOGY4OC0zNDM2M2JjN2M0YzAiOnsiY3JlYXRlIjo2MDAwMDAwMDAwMDAsImRlbGV0ZSI6NjAwMDAwMDAwMDAwfX0="
        }
      ]
    },
    {
      "mode": "managed",
      "type": "openstack_networking_network_v2",
      "name": "slot3b",
      "provider": "provider[\"registry.terraform.io/terraform-providers/openstack\"]",
      "instances": [
        {
          "schema_version": 0,
          "attributes": {
            "admin_state_up": true,
            "all_tags": [],
            "availability_zone_hints": [],
            "description": "",
            "dns_domain": "",
            "external": false,
            "id": "4649b0b3-3168-4cfb-bd2c-a5ef5a6fc8a8",
            "mtu": 9000,
            "name": "slot3b",
            "port_security_enabled": true,
            "qos_policy_id": "",
            "region": "RegionOne",
            "segments": [
              {
                "network_type": "flat",
                "physical_network": "slot3b",
                "segmentation_id": null
              }
            ],
            "shared": false,
            "tags": null,
            "tenant_id": "e68af61093464d08b06df8bcaeaaa381",
            "timeouts": null,
            "transparent_vlan": false,
            "value_specs": null
          },
          "sensitive_attributes": [],
          "private": "eyJlMmJmYjczMC1lY2FhLTExZTYtOGY4OC0zNDM2M2JjN2M0YzAiOnsiY3JlYXRlIjo2MDAwMDAwMDAwMDAsImRlbGV0ZSI6NjAwMDAwMDAwMDAwfX0="
        }
      ]
    },
    {
      "mode": "managed",
      "type": "openstack_networking_network_v2",
      "name": "slot4a",
      "provider": "provider[\"registry.terraform.io/terraform-providers/openstack\"]",
      "instances": [
        {
          "schema_version": 0,
          "attributes": {
            "admin_state_up": true,
            "all_tags": [],
            "availability_zone_hints": [],
            "description": "",
            "dns_domain": "",
            "external": false,
            "id": "d63df9df-3a70-40b8-b5ff-f0617f609abf",
            "mtu": 9000,
            "name": "slot4a",
            "port_security_enabled": true,
            "qos_policy_id": "",
            "region": "RegionOne",
            "segments": [
              {
                "network_type": "flat",
                "physical_network": "slot4a",
                "segmentation_id": null
              }
            ],
            "shared": false,
            "tags": null,
            "tenant_id": "e68af61093464d08b06df8bcaeaaa381",
            "timeouts": null,
            "transparent_vlan": false,
            "value_specs": null
          },
          "sensitive_attributes": [],
          "private": "eyJlMmJmYjczMC1lY2FhLTExZTYtOGY4OC0zNDM2M2JjN2M0YzAiOnsiY3JlYXRlIjo2MDAwMDAwMDAwMDAsImRlbGV0ZSI6NjAwMDAwMDAwMDAwfX0="
        }
      ]
    },
    {
      "mode": "managed",
      "type": "openstack_networking_network_v2",
      "name": "slot4b",
      "provider": "provider[\"registry.terraform.io/terraform-providers/openstack\"]",
      "instances": [
        {
          "schema_version": 0,
          "attributes": {
            "admin_state_up": true,
            "all_tags": [],
            "availability_zone_hints": [],
            "description": "",
            "dns_domain": "",
            "external": false,
            "id": "36793918-c18f-4d74-a2ec-3e30219e0ca1",
            "mtu": 9000,
            "name": "slot4b",
            "port_security_enabled": true,
            "qos_policy_id": "",
            "region": "RegionOne",
            "segments": [
              {
                "network_type": "flat",
                "physical_network": "slot4b",
                "segmentation_id": null
              }
            ],
            "shared": false,
            "tags": null,
            "tenant_id": "e68af61093464d08b06df8bcaeaaa381",
            "timeouts": null,
            "transparent_vlan": false,
            "value_specs": null
          },
          "sensitive_attributes": [],
          "private": "eyJlMmJmYjczMC1lY2FhLTExZTYtOGY4OC0zNDM2M2JjN2M0YzAiOnsiY3JlYXRlIjo2MDAwMDAwMDAwMDAsImRlbGV0ZSI6NjAwMDAwMDAwMDAwfX0="
        }
      ]
    },
    {
      "mode": "managed",
      "type": "openstack_networking_port_v2",
      "name": "pre_slot3a_port",
      "provider": "provider[\"registry.terraform.io/terraform-providers/openstack\"]",
      "instances": [
        {
          "schema_version": 0,
          "attributes": {
            "admin_state_up": true,
            "all_fixed_ips": [
              "10.6.0.152"
            ],
            "all_security_group_ids": [],
            "all_tags": [],
            "allowed_address_pairs": [],
            "binding": [
              {
                "host_id": "",
                "profile": "{\"pci_slot\":\"0000:5e:00.2\",\"pci_vendor_info\":\"15b3:1018\",\"physical_network\":\"slot3a\"}",
                "vif_details": {},
                "vif_type": "unbound",
                "vnic_type": "direct"
              }
            ],
            "description": "",
            "device_id": "",
            "device_owner": "",
            "dns_assignment": [],
            "dns_name": "",
            "extra_dhcp_option": [],
            "fixed_ip": [
              {
                "ip_address": "",
                "subnet_id": "ce71800e-b098-4322-91d3-edae0776df8f"
              }
            ],
            "id": "0cce58ab-4dec-4368-9938-a9b37685406f",
            "mac_address": "fa:16:3e:db:2d:c0",
            "name": "pre_slot3a_port",
            "network_id": "0f24d921-e457-4042-9b31-38097e8d82c1",
            "no_fixed_ip": null,
            "no_security_groups": null,
            "port_security_enabled": false,
            "qos_policy_id": "",
            "region": "RegionOne",
            "security_group_ids": null,
            "tags": null,
            "tenant_id": "e68af61093464d08b06df8bcaeaaa381",
            "timeouts": null,
            "value_specs": null
          },
          "sensitive_attributes": [],
          "private": "eyJlMmJmYjczMC1lY2FhLTExZTYtOGY4OC0zNDM2M2JjN2M0YzAiOnsiY3JlYXRlIjo2MDAwMDAwMDAwMDAsImRlbGV0ZSI6NjAwMDAwMDAwMDAwfX0=",
          "dependencies": [
            "openstack_networking_network_v2.slot3a",
            "openstack_networking_subnet_v2.slot3a"
          ]
        }
      ]
    },
    {
      "mode": "managed",
      "type": "openstack_networking_port_v2",
      "name": "pre_slot3b_port",
      "provider": "provider[\"registry.terraform.io/terraform-providers/openstack\"]",
      "instances": [
        {
          "schema_version": 0,
          "attributes": {
            "admin_state_up": true,
            "all_fixed_ips": [
              "10.6.1.70"
            ],
            "all_security_group_ids": [],
            "all_tags": [],
            "allowed_address_pairs": [],
            "binding": [
              {
                "host_id": "",
                "profile": "{\"pci_slot\":\"0000:5e:00.4\",\"pci_vendor_info\":\"15b3:1018\",\"physical_network\":\"slot3b\"}",
                "vif_details": {},
                "vif_type": "unbound",
                "vnic_type": "direct"
              }
            ],
            "description": "",
            "device_id": "",
            "device_owner": "",
            "dns_assignment": [],
            "dns_name": "",
            "extra_dhcp_option": [],
            "fixed_ip": [
              {
                "ip_address": "",
                "subnet_id": "a11389c7-7cbd-446e-a037-aed91981cf76"
              }
            ],
            "id": "5c852edf-4010-44f4-9055-53abd7da5a20",
            "mac_address": "fa:16:3e:53:4b:97",
            "name": "pre_slot3b_port",
            "network_id": "4649b0b3-3168-4cfb-bd2c-a5ef5a6fc8a8",
            "no_fixed_ip": null,
            "no_security_groups": null,
            "port_security_enabled": false,
            "qos_policy_id": "",
            "region": "RegionOne",
            "security_group_ids": null,
            "tags": null,
            "tenant_id": "e68af61093464d08b06df8bcaeaaa381",
            "timeouts": null,
            "value_specs": null
          },
          "sensitive_attributes": [],
          "private": "eyJlMmJmYjczMC1lY2FhLTExZTYtOGY4OC0zNDM2M2JjN2M0YzAiOnsiY3JlYXRlIjo2MDAwMDAwMDAwMDAsImRlbGV0ZSI6NjAwMDAwMDAwMDAwfX0=",
          "dependencies": [
            "openstack_networking_network_v2.slot3b",
            "openstack_networking_subnet_v2.slot3b"
          ]
        }
      ]
    },
    {
      "mode": "managed",
      "type": "openstack_networking_subnet_v2",
      "name": "ens3f0Network",
      "provider": "provider[\"registry.terraform.io/terraform-providers/openstack\"]",
      "instances": [
        {
          "schema_version": 0,
          "attributes": {
            "all_tags": [],
            "allocation_pool": [
              {
                "end": "10.6.0.200",
                "start": "10.6.0.2"
              }
            ],
            "allocation_pools": [
              {
                "end": "10.6.0.200",
                "start": "10.6.0.2"
              }
            ],
            "cidr": "10.6.0.0/22",
            "description": "",
            "dns_nameservers": [],
            "enable_dhcp": false,
            "gateway_ip": "10.6.0.1",
            "host_routes": [],
            "id": "b357e7f6-2506-4b8b-a04c-463fb39af41f",
            "ip_version": 4,
            "ipv6_address_mode": "",
            "ipv6_ra_mode": "",
            "name": "ens3f0Network",
            "network_id": "7ad963d6-6cb4-4a9f-bbca-b3f9945fb019",
            "no_gateway": false,
            "prefix_length": null,
            "region": "RegionOne",
            "subnetpool_id": "",
            "tags": [],
            "tenant_id": "e68af61093464d08b06df8bcaeaaa381",
            "timeouts": null,
            "value_specs": null
          },
          "sensitive_attributes": [],
          "private": "eyJlMmJmYjczMC1lY2FhLTExZTYtOGY4OC0zNDM2M2JjN2M0YzAiOnsiY3JlYXRlIjo2MDAwMDAwMDAwMDAsImRlbGV0ZSI6NjAwMDAwMDAwMDAwfX0=",
          "dependencies": [
            "openstack_networking_network_v2.ens3f0Network"
          ]
        }
      ]
    },
    {
      "mode": "managed",
      "type": "openstack_networking_subnet_v2",
      "name": "slot3a",
      "provider": "provider[\"registry.terraform.io/terraform-providers/openstack\"]",
      "instances": [
        {
          "schema_version": 0,
          "attributes": {
            "all_tags": [],
            "allocation_pool": [
              {
                "end": "10.6.0.200",
                "start": "10.6.0.2"
              }
            ],
            "allocation_pools": [
              {
                "end": "10.6.0.200",
                "start": "10.6.0.2"
              }
            ],
            "cidr": "10.6.0.0/22",
            "description": "",
            "dns_nameservers": null,
            "enable_dhcp": false,
            "gateway_ip": "10.6.0.1",
            "host_routes": [],
            "id": "ce71800e-b098-4322-91d3-edae0776df8f",
            "ip_version": 4,
            "ipv6_address_mode": "",
            "ipv6_ra_mode": "",
            "name": "slot3a",
            "network_id": "0f24d921-e457-4042-9b31-38097e8d82c1",
            "no_gateway": false,
            "prefix_length": null,
            "region": "RegionOne",
            "subnetpool_id": "",
            "tags": null,
            "tenant_id": "e68af61093464d08b06df8bcaeaaa381",
            "timeouts": null,
            "value_specs": null
          },
          "sensitive_attributes": [],
          "private": "eyJlMmJmYjczMC1lY2FhLTExZTYtOGY4OC0zNDM2M2JjN2M0YzAiOnsiY3JlYXRlIjo2MDAwMDAwMDAwMDAsImRlbGV0ZSI6NjAwMDAwMDAwMDAwfX0=",
          "dependencies": [
            "openstack_networking_network_v2.slot3a"
          ]
        }
      ]
    },
    {
      "mode": "managed",
      "type": "openstack_networking_subnet_v2",
      "name": "slot3b",
      "provider": "provider[\"registry.terraform.io/terraform-providers/openstack\"]",
      "instances": [
        {
          "schema_version": 0,
          "attributes": {
            "all_tags": [],
            "allocation_pool": [
              {
                "end": "10.6.1.100",
                "start": "10.6.0.201"
              }
            ],
            "allocation_pools": [
              {
                "end": "10.6.1.100",
                "start": "10.6.0.201"
              }
            ],
            "cidr": "10.6.0.0/22",
            "description": "",
            "dns_nameservers": null,
            "enable_dhcp": false,
            "gateway_ip": "10.6.0.1",
            "host_routes": [],
            "id": "a11389c7-7cbd-446e-a037-aed91981cf76",
            "ip_version": 4,
            "ipv6_address_mode": "",
            "ipv6_ra_mode": "",
            "name": "slot3b",
            "network_id": "4649b0b3-3168-4cfb-bd2c-a5ef5a6fc8a8",
            "no_gateway": false,
            "prefix_length": null,
            "region": "RegionOne",
            "subnetpool_id": "",
            "tags": null,
            "tenant_id": "e68af61093464d08b06df8bcaeaaa381",
            "timeouts": null,
            "value_specs": null
          },
          "sensitive_attributes": [],
          "private": "eyJlMmJmYjczMC1lY2FhLTExZTYtOGY4OC0zNDM2M2JjN2M0YzAiOnsiY3JlYXRlIjo2MDAwMDAwMDAwMDAsImRlbGV0ZSI6NjAwMDAwMDAwMDAwfX0=",
          "dependencies": [
            "openstack_networking_network_v2.slot3b"
          ]
        }
      ]
    },
    {
      "mode": "managed",
      "type": "openstack_networking_subnet_v2",
      "name": "slot4a",
      "provider": "provider[\"registry.terraform.io/terraform-providers/openstack\"]",
      "instances": [
        {
          "schema_version": 0,
          "attributes": {
            "all_tags": [],
            "allocation_pool": [
              {
                "end": "10.6.1.100",
                "start": "10.6.0.201"
              }
            ],
            "allocation_pools": [
              {
                "end": "10.6.1.100",
                "start": "10.6.0.201"
              }
            ],
            "cidr": "10.6.0.0/22",
            "description": "",
            "dns_nameservers": null,
            "enable_dhcp": false,
            "gateway_ip": "10.6.0.1",
            "host_routes": [],
            "id": "94a50536-790b-408f-9e57-770649360b7b",
            "ip_version": 4,
            "ipv6_address_mode": "",
            "ipv6_ra_mode": "",
            "name": "slot4a",
            "network_id": "d63df9df-3a70-40b8-b5ff-f0617f609abf",
            "no_gateway": false,
            "prefix_length": null,
            "region": "RegionOne",
            "subnetpool_id": "",
            "tags": null,
            "tenant_id": "e68af61093464d08b06df8bcaeaaa381",
            "timeouts": null,
            "value_specs": null
          },
          "sensitive_attributes": [],
          "private": "eyJlMmJmYjczMC1lY2FhLTExZTYtOGY4OC0zNDM2M2JjN2M0YzAiOnsiY3JlYXRlIjo2MDAwMDAwMDAwMDAsImRlbGV0ZSI6NjAwMDAwMDAwMDAwfX0=",
          "dependencies": [
            "openstack_networking_network_v2.slot4a"
          ]
        }
      ]
    },
    {
      "mode": "managed",
      "type": "openstack_networking_subnet_v2",
      "name": "slot4b",
      "provider": "provider[\"registry.terraform.io/terraform-providers/openstack\"]",
      "instances": [
        {
          "schema_version": 0,
          "attributes": {
            "all_tags": [],
            "allocation_pool": [
              {
                "end": "10.6.1.100",
                "start": "10.6.0.201"
              }
            ],
            "allocation_pools": [
              {
                "end": "10.6.1.100",
                "start": "10.6.0.201"
              }
            ],
            "cidr": "10.6.0.0/22",
            "description": "",
            "dns_nameservers": null,
            "enable_dhcp": false,
            "gateway_ip": "10.6.0.1",
            "host_routes": [],
            "id": "f3cda974-6a1f-4b5d-8465-592215d0bc0e",
            "ip_version": 4,
            "ipv6_address_mode": "",
            "ipv6_ra_mode": "",
            "name": "slot4b",
            "network_id": "36793918-c18f-4d74-a2ec-3e30219e0ca1",
            "no_gateway": false,
            "prefix_length": null,
            "region": "RegionOne",
            "subnetpool_id": "",
            "tags": null,
            "tenant_id": "e68af61093464d08b06df8bcaeaaa381",
            "timeouts": null,
            "value_specs": null
          },
          "sensitive_attributes": [],
          "private": "eyJlMmJmYjczMC1lY2FhLTExZTYtOGY4OC0zNDM2M2JjN2M0YzAiOnsiY3JlYXRlIjo2MDAwMDAwMDAwMDAsImRlbGV0ZSI6NjAwMDAwMDAwMDAwfX0=",
          "dependencies": [
            "openstack_networking_network_v2.slot4b"
          ]
        }
      ]
    }
  ]
}
